// !$*UTF8*$!
{
	archiveVersion = 1;
	classes = {
	};
	objectVersion = 46;
	objects = {

/* Begin PBXBuildFile section */
		0090DA9F1B35862F00D724B4 /* CustomView.swift in Sources */ = {isa = PBXBuildFile; fileRef = 0090DA9E1B35862F00D724B4 /* CustomView.swift */; };
		0090DAA11B358D0A00D724B4 /* CustomView.swift in Sources */ = {isa = PBXBuildFile; fileRef = 0090DAA01B358D0A00D724B4 /* CustomView.swift */; };
		00A114A11B349CC1001E4E70 /* Thyme.framework in Frameworks */ = {isa = PBXBuildFile; fileRef = 00A114A01B349CC1001E4E70 /* Thyme.framework */; };
		00A1632C1B2B3AC90018710D /* AppDelegate.swift in Sources */ = {isa = PBXBuildFile; fileRef = 00A1632B1B2B3AC90018710D /* AppDelegate.swift */; };
		00A163311B2B3AC90018710D /* Main.storyboard in Resources */ = {isa = PBXBuildFile; fileRef = 00A1632F1B2B3AC90018710D /* Main.storyboard */; };
		00A163331B2B3AC90018710D /* Images.xcassets in Resources */ = {isa = PBXBuildFile; fileRef = 00A163321B2B3AC90018710D /* Images.xcassets */; };
		00A163361B2B3AC90018710D /* LaunchScreen.xib in Resources */ = {isa = PBXBuildFile; fileRef = 00A163341B2B3AC90018710D /* LaunchScreen.xib */; };
		00A163541B2B3BEE0018710D /* AppDelegate.swift in Sources */ = {isa = PBXBuildFile; fileRef = 00A163531B2B3BEE0018710D /* AppDelegate.swift */; };
		00A163581B2B3BEE0018710D /* Images.xcassets in Resources */ = {isa = PBXBuildFile; fileRef = 00A163571B2B3BEE0018710D /* Images.xcassets */; };
		00A1635B1B2B3BEE0018710D /* Main.storyboard in Resources */ = {isa = PBXBuildFile; fileRef = 00A163591B2B3BEE0018710D /* Main.storyboard */; };
		00A1636F1B2B3C110018710D /* Thyme.framework in Frameworks */ = {isa = PBXBuildFile; fileRef = 00A1636E1B2B3C110018710D /* Thyme.framework */; };
		00E9BF801D8D987700E4F3AD /* Thyme.framework in Embed Frameworks */ = {isa = PBXBuildFile; fileRef = 00E9BF7E1D8D987700E4F3AD /* Thyme.framework */; settings = {ATTRIBUTES = (CodeSignOnCopy, RemoveHeadersOnCopy, ); }; };
		00F144271B36EB9700375EDD /* Draw.swift in Sources */ = {isa = PBXBuildFile; fileRef = 00F144261B36EB9700375EDD /* Draw.swift */; };
		00F144281B36EB9700375EDD /* Draw.swift in Sources */ = {isa = PBXBuildFile; fileRef = 00F144261B36EB9700375EDD /* Draw.swift */; };
/* End PBXBuildFile section */

/* Begin PBXCopyFilesBuildPhase section */
		00E9BF811D8D987700E4F3AD /* Embed Frameworks */ = {
			isa = PBXCopyFilesBuildPhase;
			buildActionMask = 2147483647;
			dstPath = "";
			dstSubfolderSpec = 10;
			files = (
				00E9BF801D8D987700E4F3AD /* Thyme.framework in Embed Frameworks */,
			);
			name = "Embed Frameworks";
			runOnlyForDeploymentPostprocessing = 0;
		};
/* End PBXCopyFilesBuildPhase section */

/* Begin PBXFileReference section */
		0090DA9E1B35862F00D724B4 /* CustomView.swift */ = {isa = PBXFileReference; fileEncoding = 4; lastKnownFileType = sourcecode.swift; path = CustomView.swift; sourceTree = "<group>"; };
		0090DAA01B358D0A00D724B4 /* CustomView.swift */ = {isa = PBXFileReference; fileEncoding = 4; lastKnownFileType = sourcecode.swift; path = CustomView.swift; sourceTree = "<group>"; };
		00A114A01B349CC1001E4E70 /* Thyme.framework */ = {isa = PBXFileReference; lastKnownFileType = wrapper.framework; name = Thyme.framework; path = ../../build/Debug/Thyme.framework; sourceTree = "<group>"; };
		00A163261B2B3AC90018710D /* Demo.app */ = {isa = PBXFileReference; explicitFileType = wrapper.application; includeInIndex = 0; path = Demo.app; sourceTree = BUILT_PRODUCTS_DIR; };
		00A1632A1B2B3AC90018710D /* Info.plist */ = {isa = PBXFileReference; lastKnownFileType = text.plist.xml; path = Info.plist; sourceTree = "<group>"; };
		00A1632B1B2B3AC90018710D /* AppDelegate.swift */ = {isa = PBXFileReference; lastKnownFileType = sourcecode.swift; path = AppDelegate.swift; sourceTree = "<group>"; };
		00A163301B2B3AC90018710D /* Base */ = {isa = PBXFileReference; lastKnownFileType = file.storyboard; name = Base; path = Base.lproj/Main.storyboard; sourceTree = "<group>"; };
		00A163321B2B3AC90018710D /* Images.xcassets */ = {isa = PBXFileReference; lastKnownFileType = folder.assetcatalog; path = Images.xcassets; sourceTree = "<group>"; };
		00A163351B2B3AC90018710D /* Base */ = {isa = PBXFileReference; lastKnownFileType = file.xib; name = Base; path = Base.lproj/LaunchScreen.xib; sourceTree = "<group>"; };
		00A1634F1B2B3BEE0018710D /* DemoMac.app */ = {isa = PBXFileReference; explicitFileType = wrapper.application; includeInIndex = 0; path = DemoMac.app; sourceTree = BUILT_PRODUCTS_DIR; };
		00A163521B2B3BEE0018710D /* Info.plist */ = {isa = PBXFileReference; lastKnownFileType = text.plist.xml; path = Info.plist; sourceTree = "<group>"; };
		00A163531B2B3BEE0018710D /* AppDelegate.swift */ = {isa = PBXFileReference; lastKnownFileType = sourcecode.swift; path = AppDelegate.swift; sourceTree = "<group>"; };
		00A163571B2B3BEE0018710D /* Images.xcassets */ = {isa = PBXFileReference; lastKnownFileType = folder.assetcatalog; path = Images.xcassets; sourceTree = "<group>"; };
		00A1635A1B2B3BEE0018710D /* Base */ = {isa = PBXFileReference; lastKnownFileType = file.storyboard; name = Base; path = Base.lproj/Main.storyboard; sourceTree = "<group>"; };
		00A1636E1B2B3C110018710D /* Thyme.framework */ = {isa = PBXFileReference; lastKnownFileType = wrapper.framework; name = Thyme.framework; path = "../../../../Library/Developer/Xcode/DerivedData/Thyme-bwvunncfnmimdohjurpndvefznfa/Build/Products/Debug-iphoneos/Thyme.framework"; sourceTree = "<group>"; };
		00E9BF7E1D8D987700E4F3AD /* Thyme.framework */ = {isa = PBXFileReference; explicitFileType = wrapper.framework; path = Thyme.framework; sourceTree = BUILT_PRODUCTS_DIR; };
		00F144261B36EB9700375EDD /* Draw.swift */ = {isa = PBXFileReference; fileEncoding = 4; lastKnownFileType = sourcecode.swift; path = Draw.swift; sourceTree = "<group>"; };
/* End PBXFileReference section */

/* Begin PBXFrameworksBuildPhase section */
		00A163231B2B3AC90018710D /* Frameworks */ = {
			isa = PBXFrameworksBuildPhase;
			buildActionMask = 2147483647;
			files = (
				00A1636F1B2B3C110018710D /* Thyme.framework in Frameworks */,
			);
			runOnlyForDeploymentPostprocessing = 0;
		};
		00A1634C1B2B3BEE0018710D /* Frameworks */ = {
			isa = PBXFrameworksBuildPhase;
			buildActionMask = 2147483647;
			files = (
				00A114A11B349CC1001E4E70 /* Thyme.framework in Frameworks */,
			);
			runOnlyForDeploymentPostprocessing = 0;
		};
/* End PBXFrameworksBuildPhase section */

/* Begin PBXGroup section */
		00A1631D1B2B3AC90018710D = {
			isa = PBXGroup;
			children = (
				00E9BF7E1D8D987700E4F3AD /* Thyme.framework */,
				00F144261B36EB9700375EDD /* Draw.swift */,
				00A163281B2B3AC90018710D /* Demo */,
				00A163501B2B3BEE0018710D /* DemoMac */,
				00A163271B2B3AC90018710D /* Products */,
			);
			sourceTree = "<group>";
		};
		00A163271B2B3AC90018710D /* Products */ = {
			isa = PBXGroup;
			children = (
				00A163261B2B3AC90018710D /* Demo.app */,
				00A1634F1B2B3BEE0018710D /* DemoMac.app */,
			);
			name = Products;
			sourceTree = "<group>";
		};
		00A163281B2B3AC90018710D /* Demo */ = {
			isa = PBXGroup;
			children = (
				00A1632B1B2B3AC90018710D /* AppDelegate.swift */,
				0090DA9E1B35862F00D724B4 /* CustomView.swift */,
				00A163291B2B3AC90018710D /* Supporting Files */,
			);
			path = Demo;
			sourceTree = "<group>";
		};
		00A163291B2B3AC90018710D /* Supporting Files */ = {
			isa = PBXGroup;
			children = (
				00A1632F1B2B3AC90018710D /* Main.storyboard */,
				00A163321B2B3AC90018710D /* Images.xcassets */,
				00A163341B2B3AC90018710D /* LaunchScreen.xib */,
				00A1636E1B2B3C110018710D /* Thyme.framework */,
				00A1632A1B2B3AC90018710D /* Info.plist */,
			);
			name = "Supporting Files";
			sourceTree = "<group>";
		};
		00A163501B2B3BEE0018710D /* DemoMac */ = {
			isa = PBXGroup;
			children = (
				00A163531B2B3BEE0018710D /* AppDelegate.swift */,
				0090DAA01B358D0A00D724B4 /* CustomView.swift */,
				00A163511B2B3BEE0018710D /* Supporting Files */,
			);
			path = DemoMac;
			sourceTree = "<group>";
		};
		00A163511B2B3BEE0018710D /* Supporting Files */ = {
			isa = PBXGroup;
			children = (
				00A163571B2B3BEE0018710D /* Images.xcassets */,
				00A163591B2B3BEE0018710D /* Main.storyboard */,
				00A114A01B349CC1001E4E70 /* Thyme.framework */,
				00A163521B2B3BEE0018710D /* Info.plist */,
			);
			name = "Supporting Files";
			sourceTree = "<group>";
		};
/* End PBXGroup section */

/* Begin PBXNativeTarget section */
		00A163251B2B3AC90018710D /* Demo */ = {
			isa = PBXNativeTarget;
			buildConfigurationList = 00A163451B2B3AC90018710D /* Build configuration list for PBXNativeTarget "Demo" */;
			buildPhases = (
				00A163221B2B3AC90018710D /* Sources */,
				00A163231B2B3AC90018710D /* Frameworks */,
				00A163241B2B3AC90018710D /* Resources */,
			);
			buildRules = (
			);
			dependencies = (
			);
			name = Demo;
			productName = Demo;
			productReference = 00A163261B2B3AC90018710D /* Demo.app */;
			productType = "com.apple.product-type.application";
		};
		00A1634E1B2B3BEE0018710D /* DemoMac */ = {
			isa = PBXNativeTarget;
			buildConfigurationList = 00A1636C1B2B3BEE0018710D /* Build configuration list for PBXNativeTarget "DemoMac" */;
			buildPhases = (
				00A1634B1B2B3BEE0018710D /* Sources */,
				00A1634C1B2B3BEE0018710D /* Frameworks */,
				00A1634D1B2B3BEE0018710D /* Resources */,
				00E9BF811D8D987700E4F3AD /* Embed Frameworks */,
			);
			buildRules = (
			);
			dependencies = (
			);
			name = DemoMac;
			productName = DemoMac;
			productReference = 00A1634F1B2B3BEE0018710D /* DemoMac.app */;
			productType = "com.apple.product-type.application";
		};
/* End PBXNativeTarget section */

/* Begin PBXProject section */
		00A1631E1B2B3AC90018710D /* Project object */ = {
			isa = PBXProject;
			attributes = {
				LastSwiftMigration = 0700;
				LastSwiftUpdateCheck = 0700;
				LastUpgradeCheck = 0800;
				ORGANIZATIONNAME = "Kaishin & Co";
				TargetAttributes = {
					00A163251B2B3AC90018710D = {
						CreatedOnToolsVersion = 6.3.2;
						LastSwiftMigration = 0800;
					};
					00A1634E1B2B3BEE0018710D = {
						CreatedOnToolsVersion = 6.3.2;
						LastSwiftMigration = 0800;
					};
				};
			};
			buildConfigurationList = 00A163211B2B3AC90018710D /* Build configuration list for PBXProject "Demo" */;
			compatibilityVersion = "Xcode 3.2";
			developmentRegion = English;
			hasScannedForEncodings = 0;
			knownRegions = (
				en,
				Base,
			);
			mainGroup = 00A1631D1B2B3AC90018710D;
			productRefGroup = 00A163271B2B3AC90018710D /* Products */;
			projectDirPath = "";
			projectRoot = "";
			targets = (
				00A163251B2B3AC90018710D /* Demo */,
				00A1634E1B2B3BEE0018710D /* DemoMac */,
			);
		};
/* End PBXProject section */

/* Begin PBXResourcesBuildPhase section */
		00A163241B2B3AC90018710D /* Resources */ = {
			isa = PBXResourcesBuildPhase;
			buildActionMask = 2147483647;
			files = (
				00A163311B2B3AC90018710D /* Main.storyboard in Resources */,
				00A163361B2B3AC90018710D /* LaunchScreen.xib in Resources */,
				00A163331B2B3AC90018710D /* Images.xcassets in Resources */,
			);
			runOnlyForDeploymentPostprocessing = 0;
		};
		00A1634D1B2B3BEE0018710D /* Resources */ = {
			isa = PBXResourcesBuildPhase;
			buildActionMask = 2147483647;
			files = (
				00A163581B2B3BEE0018710D /* Images.xcassets in Resources */,
				00A1635B1B2B3BEE0018710D /* Main.storyboard in Resources */,
			);
			runOnlyForDeploymentPostprocessing = 0;
		};
/* End PBXResourcesBuildPhase section */

/* Begin PBXSourcesBuildPhase section */
		00A163221B2B3AC90018710D /* Sources */ = {
			isa = PBXSourcesBuildPhase;
			buildActionMask = 2147483647;
			files = (
				0090DA9F1B35862F00D724B4 /* CustomView.swift in Sources */,
				00A1632C1B2B3AC90018710D /* AppDelegate.swift in Sources */,
				00F144271B36EB9700375EDD /* Draw.swift in Sources */,
			);
			runOnlyForDeploymentPostprocessing = 0;
		};
		00A1634B1B2B3BEE0018710D /* Sources */ = {
			isa = PBXSourcesBuildPhase;
			buildActionMask = 2147483647;
			files = (
				0090DAA11B358D0A00D724B4 /* CustomView.swift in Sources */,
				00A163541B2B3BEE0018710D /* AppDelegate.swift in Sources */,
				00F144281B36EB9700375EDD /* Draw.swift in Sources */,
			);
			runOnlyForDeploymentPostprocessing = 0;
		};
/* End PBXSourcesBuildPhase section */

/* Begin PBXVariantGroup section */
		00A1632F1B2B3AC90018710D /* Main.storyboard */ = {
			isa = PBXVariantGroup;
			children = (
				00A163301B2B3AC90018710D /* Base */,
			);
			name = Main.storyboard;
			sourceTree = "<group>";
		};
		00A163341B2B3AC90018710D /* LaunchScreen.xib */ = {
			isa = PBXVariantGroup;
			children = (
				00A163351B2B3AC90018710D /* Base */,
			);
			name = LaunchScreen.xib;
			sourceTree = "<group>";
		};
		00A163591B2B3BEE0018710D /* Main.storyboard */ = {
			isa = PBXVariantGroup;
			children = (
				00A1635A1B2B3BEE0018710D /* Base */,
			);
			name = Main.storyboard;
			sourceTree = "<group>";
		};
/* End PBXVariantGroup section */

/* Begin XCBuildConfiguration section */
		00A163431B2B3AC90018710D /* Debug */ = {
			isa = XCBuildConfiguration;
			buildSettings = {
				ALWAYS_SEARCH_USER_PATHS = NO;
				CLANG_CXX_LANGUAGE_STANDARD = "gnu++0x";
				CLANG_CXX_LIBRARY = "libc++";
				CLANG_ENABLE_MODULES = YES;
				CLANG_ENABLE_OBJC_ARC = YES;
				CLANG_WARN_BOOL_CONVERSION = YES;
				CLANG_WARN_CONSTANT_CONVERSION = YES;
				CLANG_WARN_DIRECT_OBJC_ISA_USAGE = YES_ERROR;
				CLANG_WARN_EMPTY_BODY = YES;
				CLANG_WARN_ENUM_CONVERSION = YES;
				CLANG_WARN_INFINITE_RECURSION = YES;
				CLANG_WARN_INT_CONVERSION = YES;
				CLANG_WARN_OBJC_ROOT_CLASS = YES_ERROR;
				CLANG_WARN_SUSPICIOUS_MOVE = YES;
				CLANG_WARN_UNREACHABLE_CODE = YES;
				CLANG_WARN__DUPLICATE_METHOD_MATCH = YES;
				"CODE_SIGN_IDENTITY[sdk=iphoneos*]" = "iPhone Developer";
				COPY_PHASE_STRIP = NO;
				DEBUG_INFORMATION_FORMAT = "dwarf-with-dsym";
				ENABLE_STRICT_OBJC_MSGSEND = YES;
				ENABLE_TESTABILITY = YES;
				GCC_C_LANGUAGE_STANDARD = gnu99;
				GCC_DYNAMIC_NO_PIC = NO;
				GCC_NO_COMMON_BLOCKS = YES;
				GCC_OPTIMIZATION_LEVEL = 0;
				GCC_PREPROCESSOR_DEFINITIONS = (
					"DEBUG=1",
					"$(inherited)",
				);
				GCC_SYMBOLS_PRIVATE_EXTERN = NO;
				GCC_WARN_64_TO_32_BIT_CONVERSION = YES;
				GCC_WARN_ABOUT_RETURN_TYPE = YES_ERROR;
				GCC_WARN_UNDECLARED_SELECTOR = YES;
				GCC_WARN_UNINITIALIZED_AUTOS = YES_AGGRESSIVE;
				GCC_WARN_UNUSED_FUNCTION = YES;
				GCC_WARN_UNUSED_VARIABLE = YES;
				IPHONEOS_DEPLOYMENT_TARGET = 8.3;
				MTL_ENABLE_DEBUG_INFO = YES;
				ONLY_ACTIVE_ARCH = YES;
				SDKROOT = iphoneos;
				SWIFT_OPTIMIZATION_LEVEL = "-Onone";
				TARGETED_DEVICE_FAMILY = "1,2";
			};
			name = Debug;
		};
		00A163441B2B3AC90018710D /* Release */ = {
			isa = XCBuildConfiguration;
			buildSettings = {
				ALWAYS_SEARCH_USER_PATHS = NO;
				CLANG_CXX_LANGUAGE_STANDARD = "gnu++0x";
				CLANG_CXX_LIBRARY = "libc++";
				CLANG_ENABLE_MODULES = YES;
				CLANG_ENABLE_OBJC_ARC = YES;
				CLANG_WARN_BOOL_CONVERSION = YES;
				CLANG_WARN_CONSTANT_CONVERSION = YES;
				CLANG_WARN_DIRECT_OBJC_ISA_USAGE = YES_ERROR;
				CLANG_WARN_EMPTY_BODY = YES;
				CLANG_WARN_ENUM_CONVERSION = YES;
				CLANG_WARN_INFINITE_RECURSION = YES;
				CLANG_WARN_INT_CONVERSION = YES;
				CLANG_WARN_OBJC_ROOT_CLASS = YES_ERROR;
				CLANG_WARN_SUSPICIOUS_MOVE = YES;
				CLANG_WARN_UNREACHABLE_CODE = YES;
				CLANG_WARN__DUPLICATE_METHOD_MATCH = YES;
				"CODE_SIGN_IDENTITY[sdk=iphoneos*]" = "iPhone Developer";
				COPY_PHASE_STRIP = NO;
				DEBUG_INFORMATION_FORMAT = "dwarf-with-dsym";
				ENABLE_NS_ASSERTIONS = NO;
				ENABLE_STRICT_OBJC_MSGSEND = YES;
				GCC_C_LANGUAGE_STANDARD = gnu99;
				GCC_NO_COMMON_BLOCKS = YES;
				GCC_WARN_64_TO_32_BIT_CONVERSION = YES;
				GCC_WARN_ABOUT_RETURN_TYPE = YES_ERROR;
				GCC_WARN_UNDECLARED_SELECTOR = YES;
				GCC_WARN_UNINITIALIZED_AUTOS = YES_AGGRESSIVE;
				GCC_WARN_UNUSED_FUNCTION = YES;
				GCC_WARN_UNUSED_VARIABLE = YES;
				IPHONEOS_DEPLOYMENT_TARGET = 8.3;
				MTL_ENABLE_DEBUG_INFO = NO;
				SDKROOT = iphoneos;
				SWIFT_OPTIMIZATION_LEVEL = "-Owholemodule";
				TARGETED_DEVICE_FAMILY = "1,2";
				VALIDATE_PRODUCT = YES;
			};
			name = Release;
		};
		00A163461B2B3AC90018710D /* Debug */ = {
			isa = XCBuildConfiguration;
			buildSettings = {
				ASSETCATALOG_COMPILER_APPICON_NAME = AppIcon;
				FRAMEWORK_SEARCH_PATHS = "$(inherited)";
				INFOPLIST_FILE = Demo/Info.plist;
				LD_RUNPATH_SEARCH_PATHS = "$(inherited) @loader_path/Frameworks";
				PRODUCT_BUNDLE_IDENTIFIER = "co.kaishin.$(PRODUCT_NAME:rfc1034identifier)";
				PRODUCT_NAME = "$(TARGET_NAME)";
				SWIFT_VERSION = 3.0;
			};
			name = Debug;
		};
		00A163471B2B3AC90018710D /* Release */ = {
			isa = XCBuildConfiguration;
			buildSettings = {
				ASSETCATALOG_COMPILER_APPICON_NAME = AppIcon;
				FRAMEWORK_SEARCH_PATHS = "$(inherited)";
				INFOPLIST_FILE = Demo/Info.plist;
				LD_RUNPATH_SEARCH_PATHS = "$(inherited) @loader_path/Frameworks";
				PRODUCT_BUNDLE_IDENTIFIER = "co.kaishin.$(PRODUCT_NAME:rfc1034identifier)";
				PRODUCT_NAME = "$(TARGET_NAME)";
				SWIFT_VERSION = 3.0;
			};
			name = Release;
		};
		00A163681B2B3BEE0018710D /* Debug */ = {
			isa = XCBuildConfiguration;
			buildSettings = {
				ASSETCATALOG_COMPILER_APPICON_NAME = AppIcon;
				CODE_SIGN_IDENTITY = "-";
				COMBINE_HIDPI_IMAGES = YES;
				DEBUG_INFORMATION_FORMAT = dwarf;
				FRAMEWORK_SEARCH_PATHS = "$(inherited)";
				GCC_PREPROCESSOR_DEFINITIONS = (
					"DEBUG=1",
					"$(inherited)",
				);
				INFOPLIST_FILE = DemoMac/Info.plist;
				LD_RUNPATH_SEARCH_PATHS = "$(inherited) @loader_path/../Frameworks @executable_path/../Frameworks";
				MACOSX_DEPLOYMENT_TARGET = 10.10;
				PRODUCT_BUNDLE_IDENTIFIER = "co.kaishin.$(PRODUCT_NAME:rfc1034identifier)";
				PRODUCT_NAME = "$(TARGET_NAME)";
				SDKROOT = macosx;
				SWIFT_VERSION = 3.0;
			};
			name = Debug;
		};
		00A163691B2B3BEE0018710D /* Release */ = {
			isa = XCBuildConfiguration;
			buildSettings = {
				ASSETCATALOG_COMPILER_APPICON_NAME = AppIcon;
				CODE_SIGN_IDENTITY = "-";
				COMBINE_HIDPI_IMAGES = YES;
				FRAMEWORK_SEARCH_PATHS = "$(inherited)";
				INFOPLIST_FILE = DemoMac/Info.plist;
				LD_RUNPATH_SEARCH_PATHS = "$(inherited) @loader_path/../Frameworks @executable_path/../Frameworks";
				MACOSX_DEPLOYMENT_TARGET = 10.10;
				PRODUCT_BUNDLE_IDENTIFIER = "co.kaishin.$(PRODUCT_NAME:rfc1034identifier)";
				PRODUCT_NAME = "$(TARGET_NAME)";
				SDKROOT = macosx;
				SWIFT_VERSION = 3.0;
			};
			name = Release;
		};
/* End XCBuildConfiguration section */

/* Begin XCConfigurationList section */
		00A163211B2B3AC90018710D /* Build configuration list for PBXProject "Demo" */ = {
			isa = XCConfigurationList;
			buildConfigurations = (
				00A163431B2B3AC90018710D /* Debug */,
				00A163441B2B3AC90018710D /* Release */,
			);
			defaultConfigurationIsVisible = 0;
			defaultConfigurationName = Release;
		};
		00A163451B2B3AC90018710D /* Build configuration list for PBXNativeTarget "Demo" */ = {
			isa = XCConfigurationList;
			buildConfigurations = (
				00A163461B2B3AC90018710D /* Debug */,
				00A163471B2B3AC90018710D /* Release */,
			);
			defaultConfigurationIsVisible = 0;
			defaultConfigurationName = Release;
		};
		00A1636C1B2B3BEE0018710D /* Build configuration list for PBXNativeTarget "DemoMac" */ = {
			isa = XCConfigurationList;
			buildConfigurations = (
				00A163681B2B3BEE0018710D /* Debug */,
				00A163691B2B3BEE0018710D /* Release */,
			);
			defaultConfigurationIsVisible = 0;
			defaultConfigurationName = Release;
		};
/* End XCConfigurationList section */
	};
	rootObject = 00A1631E1B2B3AC90018710D /* Project object */;
}
